
Microsoft Visual Studio Solution File, Format Version 12.00
# Visual Studio Version 16
VisualStudioVersion = 16.0.30225.117
MinimumVisualStudioVersion = 10.0.40219.1
Project("{FAE04EC0-301F-11D3-BF4B-00C04F79EFBC}") = "Chunking", "Chunking\Chunking.csproj", "{EF25D0C5-64DA-4CBE-8B5F-22CC5FD28ED0}"
EndProject
Project("{FAE04EC0-301F-11D3-BF4B-00C04F79EFBC}") = "ChunkingTests", "ChunkingTests\ChunkingTests.csproj", "{17CF0B90-E1E3-401C-A71C-F857136606C2}"
EndProject
Global
	GlobalSection(SolutionConfigurationPlatforms) = preSolution
		Debug|Any CPU = Debug|Any CPU
		Release|Any CPU = Release|Any CPU
	EndGlobalSection
	GlobalSection(ProjectConfigurationPlatforms) = postSolution
		{EF25D0C5-64DA-4CBE-8B5F-22CC5FD28ED0}.Debug|Any CPU.ActiveCfg = Debug|Any CPU
		{EF25D0C5-64DA-4CBE-8B5F-22CC5FD28ED0}.Debug|Any CPU.Build.0 = Debug|Any CPU
		{EF25D0C5-64DA-4CBE-8B5F-22CC5FD28ED0}.Release|Any CPU.ActiveCfg = Release|Any CPU
		{EF25D0C5-64DA-4CBE-8B5F-22CC5FD28ED0}.Release|Any CPU.Build.0 = Release|Any CPU
		{17CF0B90-E1E3-401C-A71C-F857136606C2}.Debug|Any CPU.ActiveCfg = Debug|Any CPU
		{17CF0B90-E1E3-401C-A71C-F857136606C2}.Debug|Any CPU.Build.0 = Debug|Any CPU
		{17CF0B90-E1E3-401C-A71C-F857136606C2}.Release|Any CPU.ActiveCfg = Release|Any CPU
		{17CF0B90-E1E3-401C-A71C-F857136606C2}.Release|Any CPU.Build.0 = Release|Any CPU
	EndGlobalSection
	GlobalSection(SolutionProperties) = preSolution
		HideSolutionNode = FALSE
	EndGlobalSection
	GlobalSection(ExtensibilityGlobals) = postSolution
		SolutionGuid = {4E195B64-B9F2-4AD3-A487-05352FA8A63E}
	EndGlobalSection
EndGlobal
